// !$*UTF8*$!
{
	archiveVersion = 1;
	classes = {
	};
	objectVersion = 46;
	objects = {

/* Begin PBXBuildFile section */
		F1B2B5211F1AE2E900A7251E /* AppDelegate.swift in Sources */ = {isa = PBXBuildFile; fileRef = F1B2B5201F1AE2E900A7251E /* AppDelegate.swift */; };
		F1B2B5231F1AE2E900A7251E /* ViewController.swift in Sources */ = {isa = PBXBuildFile; fileRef = F1B2B5221F1AE2E900A7251E /* ViewController.swift */; };
		F1B2B5261F1AE2E900A7251E /* Main.storyboard in Resources */ = {isa = PBXBuildFile; fileRef = F1B2B5241F1AE2E900A7251E /* Main.storyboard */; };
		F1B2B5281F1AE2E900A7251E /* Assets.xcassets in Resources */ = {isa = PBXBuildFile; fileRef = F1B2B5271F1AE2E900A7251E /* Assets.xcassets */; };
		F1B2B52B1F1AE2E900A7251E /* LaunchScreen.storyboard in Resources */ = {isa = PBXBuildFile; fileRef = F1B2B5291F1AE2E900A7251E /* LaunchScreen.storyboard */; };
		F1B2B5331F1AEEBA00A7251E /* DefinitionViewController.swift in Sources */ = {isa = PBXBuildFile; fileRef = F1B2B5321F1AEEBA00A7251E /* DefinitionViewController.swift */; };
		F1B2B5351F1B97B400A7251E /* Emoji.swift in Sources */ = {isa = PBXBuildFile; fileRef = F1B2B5341F1B97B400A7251E /* Emoji.swift */; };
/* End PBXBuildFile section */

/* Begin PBXFileReference section */
		F1B2B51D1F1AE2E900A7251E /* Emoji Dictionary.app */ = {isa = PBXFileReference; explicitFileType = wrapper.application; includeInIndex = 0; path = "Emoji Dictionary.app"; sourceTree = BUILT_PRODUCTS_DIR; };
		F1B2B5201F1AE2E900A7251E /* AppDelegate.swift */ = {isa = PBXFileReference; lastKnownFileType = sourcecode.swift; path = AppDelegate.swift; sourceTree = "<group>"; };
		F1B2B5221F1AE2E900A7251E /* ViewController.swift */ = {isa = PBXFileReference; lastKnownFileType = sourcecode.swift; path = ViewController.swift; sourceTree = "<group>"; };
		F1B2B5251F1AE2E900A7251E /* Base */ = {isa = PBXFileReference; lastKnownFileType = file.storyboard; name = Base; path = Base.lproj/Main.storyboard; sourceTree = "<group>"; };
		F1B2B5271F1AE2E900A7251E /* Assets.xcassets */ = {isa = PBXFileReference; lastKnownFileType = folder.assetcatalog; path = Assets.xcassets; sourceTree = "<group>"; };
		F1B2B52A1F1AE2E900A7251E /* Base */ = {isa = PBXFileReference; lastKnownFileType = file.storyboard; name = Base; path = Base.lproj/LaunchScreen.storyboard; sourceTree = "<group>"; };
		F1B2B52C1F1AE2E900A7251E /* Info.plist */ = {isa = PBXFileReference; lastKnownFileType = text.plist.xml; path = Info.plist; sourceTree = "<group>"; };
		F1B2B5321F1AEEBA00A7251E /* DefinitionViewController.swift */ = {isa = PBXFileReference; fileEncoding = 4; lastKnownFileType = sourcecode.swift; path = DefinitionViewController.swift; sourceTree = "<group>"; };
		F1B2B5341F1B97B400A7251E /* Emoji.swift */ = {isa = PBXFileReference; fileEncoding = 4; lastKnownFileType = sourcecode.swift; path = Emoji.swift; sourceTree = "<group>"; };
/* End PBXFileReference section */

/* Begin PBXFrameworksBuildPhase section */
		F1B2B51A1F1AE2E900A7251E /* Frameworks */ = {
			isa = PBXFrameworksBuildPhase;
			buildActionMask = 2147483647;
			files = (
			);
			runOnlyForDeploymentPostprocessing = 0;
		};
/* End PBXFrameworksBuildPhase section */

/* Begin PBXGroup section */
		F1B2B5141F1AE2E900A7251E = {
			isa = PBXGroup;
			children = (
				F1B2B51F1F1AE2E900A7251E /* Emoji Dictionary */,
				F1B2B51E1F1AE2E900A7251E /* Products */,
			);
			sourceTree = "<group>";
		};
		F1B2B51E1F1AE2E900A7251E /* Products */ = {
			isa = PBXGroup;
			children = (
				F1B2B51D1F1AE2E900A7251E /* Emoji Dictionary.app */,
			);
			name = Products;
			sourceTree = "<group>";
		};
		F1B2B51F1F1AE2E900A7251E /* Emoji Dictionary */ = {
			isa = PBXGroup;
			children = (
				F1B2B5201F1AE2E900A7251E /* AppDelegate.swift */,
				F1B2B5221F1AE2E900A7251E /* ViewController.swift */,
				F1B2B5321F1AEEBA00A7251E /* DefinitionViewController.swift */,
				F1B2B5341F1B97B400A7251E /* Emoji.swift */,
				F1B2B5241F1AE2E900A7251E /* Main.storyboard */,
				F1B2B5271F1AE2E900A7251E /* Assets.xcassets */,
				F1B2B5291F1AE2E900A7251E /* LaunchScreen.storyboard */,
				F1B2B52C1F1AE2E900A7251E /* Info.plist */,
			);
			path = "Emoji Dictionary";
			sourceTree = "<group>";
		};
/* End PBXGroup section */

/* Begin PBXNativeTarget section */
		F1B2B51C1F1AE2E900A7251E /* Emoji Dictionary */ = {
			isa = PBXNativeTarget;
			buildConfigurationList = F1B2B52F1F1AE2E900A7251E /* Build configuration list for PBXNativeTarget "Emoji Dictionary" */;
			buildPhases = (
				F1B2B5191F1AE2E900A7251E /* Sources */,
				F1B2B51A1F1AE2E900A7251E /* Frameworks */,
				F1B2B51B1F1AE2E900A7251E /* Resources */,
			);
			buildRules = (
			);
			dependencies = (
			);
			name = "Emoji Dictionary";
			productName = "Emoji Dictionary";
			productReference = F1B2B51D1F1AE2E900A7251E /* Emoji Dictionary.app */;
			productType = "com.apple.product-type.application";
		};
/* End PBXNativeTarget section */

/* Begin PBXProject section */
		F1B2B5151F1AE2E900A7251E /* Project object */ = {
			isa = PBXProject;
			attributes = {
				LastSwiftUpdateCheck = 0830;
				LastUpgradeCheck = 0830;
				ORGANIZATIONNAME = "Pavel Mamichev";
				TargetAttributes = {
					F1B2B51C1F1AE2E900A7251E = {
						CreatedOnToolsVersion = 8.3.3;
						ProvisioningStyle = Automatic;
					};
				};
			};
			buildConfigurationList = F1B2B5181F1AE2E900A7251E /* Build configuration list for PBXProject "Emoji Dictionary" */;
			compatibilityVersion = "Xcode 3.2";
			developmentRegion = English;
			hasScannedForEncodings = 0;
			knownRegions = (
				en,
				Base,
			);
			mainGroup = F1B2B5141F1AE2E900A7251E;
			productRefGroup = F1B2B51E1F1AE2E900A7251E /* Products */;
			projectDirPath = "";
			projectRoot = "";
			targets = (
				F1B2B51C1F1AE2E900A7251E /* Emoji Dictionary */,
			);
		};
/* End PBXProject section */

/* Begin PBXResourcesBuildPhase section */
		F1B2B51B1F1AE2E900A7251E /* Resources */ = {
			isa = PBXResourcesBuildPhase;
			buildActionMask = 2147483647;
			files = (
				F1B2B52B1F1AE2E900A7251E /* LaunchScreen.storyboard in Resources */,
				F1B2B5281F1AE2E900A7251E /* Assets.xcassets in Resources */,
				F1B2B5261F1AE2E900A7251E /* Main.storyboard in Resources */,
			);
			runOnlyForDeploymentPostprocessing = 0;
		};
/* End PBXResourcesBuildPhase section */

/* Begin PBXSourcesBuildPhase section */
		F1B2B5191F1AE2E900A7251E /* Sources */ = {
			isa = PBXSourcesBuildPhase;
			buildActionMask = 2147483647;
			files = (
				F1B2B5231F1AE2E900A7251E /* ViewController.swift in Sources */,
				F1B2B5331F1AEEBA00A7251E /* DefinitionViewController.swift in Sources */,
				F1B2B5351F1B97B400A7251E /* Emoji.swift in Sources */,
				F1B2B5211F1AE2E900A7251E /* AppDelegate.swift in Sources */,
			);
			runOnlyForDeploymentPostprocessing = 0;
		};
/* End PBXSourcesBuildPhase section */

/* Begin PBXVariantGroup section */
		F1B2B5241F1AE2E900A7251E /* Main.storyboard */ = {
			isa = PBXVariantGroup;
			children = (
				F1B2B5251F1AE2E900A7251E /* Base */,
			);
			name = Main.storyboard;
			sourceTree = "<group>";
		};
		F1B2B5291F1AE2E900A7251E /* LaunchScreen.storyboard */ = {
			isa = PBXVariantGroup;
			children = (
				F1B2B52A1F1AE2E900A7251E /* Base */,
			);
			name = LaunchScreen.storyboard;
			sourceTree = "<group>";
		};
/* End PBXVariantGroup section */

/* Begin XCBuildConfiguration section */
		F1B2B52D1F1AE2E900A7251E /* Debug */ = {
			isa = XCBuildConfiguration;
			buildSettings = {
				ALWAYS_SEARCH_USER_PATHS = NO;
				CLANG_ANALYZER_NONNULL = YES;
				CLANG_ANALYZER_NUMBER_OBJECT_CONVERSION = YES_AGGRESSIVE;
				CLANG_CXX_LANGUAGE_STANDARD = "gnu++0x";
				CLANG_CXX_LIBRARY = "libc++";
				CLANG_ENABLE_MODULES = YES;
				CLANG_ENABLE_OBJC_ARC = YES;
				CLANG_WARN_BOOL_CONVERSION = YES;
				CLANG_WARN_CONSTANT_CONVERSION = YES;
				CLANG_WARN_DIRECT_OBJC_ISA_USAGE = YES_ERROR;
				CLANG_WARN_DOCUMENTATION_COMMENTS = YES;
				CLANG_WARN_EMPTY_BODY = YES;
				CLANG_WARN_ENUM_CONVERSION = YES;
				CLANG_WARN_INFINITE_RECURSION = YES;
				CLANG_WARN_INT_CONVERSION = YES;
				CLANG_WARN_OBJC_ROOT_CLASS = YES_ERROR;
				CLANG_WARN_SUSPICIOUS_MOVE = YES;
				CLANG_WARN_UNREACHABLE_CODE = YES;
				CLANG_WARN__DUPLICATE_METHOD_MATCH = YES;
				"CODE_SIGN_IDENTITY[sdk=iphoneos*]" = "iPhone Developer";
				COPY_PHASE_STRIP = NO;
				DEBUG_INFORMATION_FORMAT = dwarf;
				ENABLE_STRICT_OBJC_MSGSEND = YES;
				ENABLE_TESTABILITY = YES;
				GCC_C_LANGUAGE_STANDARD = gnu99;
				GCC_DYNAMIC_NO_PIC = NO;
				GCC_NO_COMMON_BLOCKS = YES;
				GCC_OPTIMIZATION_LEVEL = 0;
				GCC_PREPROCESSOR_DEFINITIONS = (
					"DEBUG=1",
					"$(inherited)",
				);
				GCC_WARN_64_TO_32_BIT_CONVERSION = YES;
				GCC_WARN_ABOUT_RETURN_TYPE = YES_ERROR;
				GCC_WARN_UNDECLARED_SELECTOR = YES;
				GCC_WARN_UNINITIALIZED_AUTOS = YES_AGGRESSIVE;
				GCC_WARN_UNUSED_FUNCTION = YES;
				GCC_WARN_UNUSED_VARIABLE = YES;
				IPHONEOS_DEPLOYMENT_TARGET = 10.3;
				MTL_ENABLE_DEBUG_INFO = YES;
				ONLY_ACTIVE_ARCH = YES;
				SDKROOT = iphoneos;
				SWIFT_ACTIVE_COMPILATION_CONDITIONS = DEBUG;
				SWIFT_OPTIMIZATION_LEVEL = "-Onone";
				TARGETED_DEVICE_FAMILY = "1,2";
			};
			name = Debug;
		};
		F1B2B52E1F1AE2E900A7251E /* Release */ = {
			isa = XCBuildConfiguration;
			buildSettings = {
				ALWAYS_SEARCH_USER_PATHS = NO;
				CLANG_ANALYZER_NONNULL = YES;
				CLANG_ANALYZER_NUMBER_OBJECT_CONVERSION = YES_AGGRESSIVE;
				CLANG_CXX_LANGUAGE_STANDARD = "gnu++0x";
				CLANG_CXX_LIBRARY = "libc++";
				CLANG_ENABLE_MODULES = YES;
				CLANG_ENABLE_OBJC_ARC = YES;
				CLANG_WARN_BOOL_CONVERSION = YES;
				CLANG_WARN_CONSTANT_CONVERSION = YES;
				CLANG_WARN_DIRECT_OBJC_ISA_USAGE = YES_ERROR;
				CLANG_WARN_DOCUMENTATION_COMMENTS = YES;
				CLANG_WARN_EMPTY_BODY = YES;
				CLANG_WARN_ENUM_CONVERSION = YES;
				CLANG_WARN_INFINITE_RECURSION = YES;
				CLANG_WARN_INT_CONVERSION = YES;
				CLANG_WARN_OBJC_ROOT_CLASS = YES_ERROR;
				CLANG_WARN_SUSPICIOUS_MOVE = YES;
				CLANG_WARN_UNREACHABLE_CODE = YES;
				CLANG_WARN__DUPLICATE_METHOD_MATCH = YES;
				"CODE_SIGN_IDENTITY[sdk=iphoneos*]" = "iPhone Developer";
				COPY_PHASE_STRIP = NO;
				DEBUG_INFORMATION_FORMAT = "dwarf-with-dsym";
				ENABLE_NS_ASSERTIONS = NO;
				ENABLE_STRICT_OBJC_MSGSEND = YES;
				GCC_C_LANGUAGE_STANDARD = gnu99;
				GCC_NO_COMMON_BLOCKS = YES;
				GCC_WARN_64_TO_32_BIT_CONVERSION = YES;
				GCC_WARN_ABOUT_RETURN_TYPE = YES_ERROR;
				GCC_WARN_UNDECLARED_SELECTOR = YES;
				GCC_WARN_UNINITIALIZED_AUTOS = YES_AGGRESSIVE;
				GCC_WARN_UNUSED_FUNCTION = YES;
				GCC_WARN_UNUSED_VARIABLE = YES;
				IPHONEOS_DEPLOYMENT_TARGET = 10.3;
				MTL_ENABLE_DEBUG_INFO = NO;
				SDKROOT = iphoneos;
				SWIFT_OPTIMIZATION_LEVEL = "-Owholemodule";
				TARGETED_DEVICE_FAMILY = "1,2";
				VALIDATE_PRODUCT = YES;
			};
			name = Release;
		};
		F1B2B5301F1AE2E900A7251E /* Debug */ = {
			isa = XCBuildConfiguration;
			buildSettings = {
				ASSETCATALOG_COMPILER_APPICON_NAME = AppIcon;
				INFOPLIST_FILE = "Emoji Dictionary/Info.plist";
				LD_RUNPATH_SEARCH_PATHS = "$(inherited) @executable_path/Frameworks";
				PRODUCT_BUNDLE_IDENTIFIER = "com.pavelm.Emoji-Dictionary";
				PRODUCT_NAME = "$(TARGET_NAME)";
				SWIFT_VERSION = 3.0;
			};
			name = Debug;
		};
		F1B2B5311F1AE2E900A7251E /* Release */ = {
			isa = XCBuildConfiguration;
			buildSettings = {
				ASSETCATALOG_COMPILER_APPICON_NAME = AppIcon;
				INFOPLIST_FILE = "Emoji Dictionary/Info.plist";
				LD_RUNPATH_SEARCH_PATHS = "$(inherited) @executable_path/Frameworks";
				PRODUCT_BUNDLE_IDENTIFIER = "com.pavelm.Emoji-Dictionary";
				PRODUCT_NAME = "$(TARGET_NAME)";
				SWIFT_VERSION = 3.0;
			};
			name = Release;
		};
/* End XCBuildConfiguration section */

/* Begin XCConfigurationList section */
		F1B2B5181F1AE2E900A7251E /* Build configuration list for PBXProject "Emoji Dictionary" */ = {
			isa = XCConfigurationList;
			buildConfigurations = (
				F1B2B52D1F1AE2E900A7251E /* Debug */,
				F1B2B52E1F1AE2E900A7251E /* Release */,
			);
			defaultConfigurationIsVisible = 0;
			defaultConfigurationName = Release;
		};
		F1B2B52F1F1AE2E900A7251E /* Build configuration list for PBXNativeTarget "Emoji Dictionary" */ = {
			isa = XCConfigurationList;
			buildConfigurations = (
				F1B2B5301F1AE2E900A7251E /* Debug */,
				F1B2B5311F1AE2E900A7251E /* Release */,
			);
			defaultConfigurationIsVisible = 0;
			defaultConfigurationName = Release;
		};
/* End XCConfigurationList section */
	};
	rootObject = F1B2B5151F1AE2E900A7251E /* Project object */;
}
